// !$*UTF8*$!
{
	archiveVersion = 1;
	classes = {
	};
	objectVersion = 50;
	objects = {

/* Begin PBXBuildFile section */
		C93083FF26CEDEA7002F26AF /* AppDelegate.swift in Sources */ = {isa = PBXBuildFile; fileRef = C93083FE26CEDEA7002F26AF /* AppDelegate.swift */; };
		C930840126CEDEA7002F26AF /* SceneDelegate.swift in Sources */ = {isa = PBXBuildFile; fileRef = C930840026CEDEA7002F26AF /* SceneDelegate.swift */; };
		C930840626CEDEA7002F26AF /* Main.storyboard in Resources */ = {isa = PBXBuildFile; fileRef = C930840426CEDEA7002F26AF /* Main.storyboard */; };
		C930840B26CEDEA9002F26AF /* Assets.xcassets in Resources */ = {isa = PBXBuildFile; fileRef = C930840A26CEDEA9002F26AF /* Assets.xcassets */; };
		C930840E26CEDEA9002F26AF /* LaunchScreen.storyboard in Resources */ = {isa = PBXBuildFile; fileRef = C930840C26CEDEA9002F26AF /* LaunchScreen.storyboard */; };
		C930841626CEDF29002F26AF /* TravelLocationsMapViewController.swift in Sources */ = {isa = PBXBuildFile; fileRef = C930841526CEDF29002F26AF /* TravelLocationsMapViewController.swift */; };
		C930841826CEE2F2002F26AF /* PhotoAlbumViewController.swift in Sources */ = {isa = PBXBuildFile; fileRef = C930841726CEE2F2002F26AF /* PhotoAlbumViewController.swift */; };
		C9B3347626F4157B00578446 /* Notification.swift in Sources */ = {isa = PBXBuildFile; fileRef = C9B3347526F4157B00578446 /* Notification.swift */; };
		C9B8F97526E7E466008BC754 /* CollectionViewCell.swift in Sources */ = {isa = PBXBuildFile; fileRef = C9B8F97426E7E466008BC754 /* CollectionViewCell.swift */; };
		C9B8F98626E9710A008BC754 /* VTStructs.swift in Sources */ = {isa = PBXBuildFile; fileRef = C9B8F98526E9710A008BC754 /* VTStructs.swift */; };
		C9B8F98826E9713F008BC754 /* Client.swift in Sources */ = {isa = PBXBuildFile; fileRef = C9B8F98726E9713F008BC754 /* Client.swift */; };
		C9B8F98B26EBD6E9008BC754 /* Model.xcdatamodeld in Sources */ = {isa = PBXBuildFile; fileRef = C9B8F98926EBD6E9008BC754 /* Model.xcdatamodeld */; };
		C9B8F98D26EBE491008BC754 /* OnTheCallDatabase.swift in Sources */ = {isa = PBXBuildFile; fileRef = C9B8F98C26EBE491008BC754 /* OnTheCallDatabase.swift */; };
/* End PBXBuildFile section */

/* Begin PBXFileReference section */
		C93083FB26CEDEA7002F26AF /* Virtual Tourist.app */ = {isa = PBXFileReference; explicitFileType = wrapper.application; includeInIndex = 0; path = "Virtual Tourist.app"; sourceTree = BUILT_PRODUCTS_DIR; };
		C93083FE26CEDEA7002F26AF /* AppDelegate.swift */ = {isa = PBXFileReference; lastKnownFileType = sourcecode.swift; path = AppDelegate.swift; sourceTree = "<group>"; };
		C930840026CEDEA7002F26AF /* SceneDelegate.swift */ = {isa = PBXFileReference; lastKnownFileType = sourcecode.swift; path = SceneDelegate.swift; sourceTree = "<group>"; };
		C930840526CEDEA7002F26AF /* Base */ = {isa = PBXFileReference; lastKnownFileType = file.storyboard; name = Base; path = Base.lproj/Main.storyboard; sourceTree = "<group>"; };
		C930840A26CEDEA9002F26AF /* Assets.xcassets */ = {isa = PBXFileReference; lastKnownFileType = folder.assetcatalog; path = Assets.xcassets; sourceTree = "<group>"; };
		C930840D26CEDEA9002F26AF /* Base */ = {isa = PBXFileReference; lastKnownFileType = file.storyboard; name = Base; path = Base.lproj/LaunchScreen.storyboard; sourceTree = "<group>"; };
		C930840F26CEDEA9002F26AF /* Info.plist */ = {isa = PBXFileReference; lastKnownFileType = text.plist.xml; path = Info.plist; sourceTree = "<group>"; };
		C930841526CEDF29002F26AF /* TravelLocationsMapViewController.swift */ = {isa = PBXFileReference; lastKnownFileType = sourcecode.swift; path = TravelLocationsMapViewController.swift; sourceTree = "<group>"; };
		C930841726CEE2F2002F26AF /* PhotoAlbumViewController.swift */ = {isa = PBXFileReference; lastKnownFileType = sourcecode.swift; path = PhotoAlbumViewController.swift; sourceTree = "<group>"; };
		C9B3347526F4157B00578446 /* Notification.swift */ = {isa = PBXFileReference; lastKnownFileType = sourcecode.swift; path = Notification.swift; sourceTree = "<group>"; };
		C9B8F97426E7E466008BC754 /* CollectionViewCell.swift */ = {isa = PBXFileReference; lastKnownFileType = sourcecode.swift; path = CollectionViewCell.swift; sourceTree = "<group>"; };
		C9B8F98526E9710A008BC754 /* VTStructs.swift */ = {isa = PBXFileReference; lastKnownFileType = sourcecode.swift; path = VTStructs.swift; sourceTree = "<group>"; };
		C9B8F98726E9713F008BC754 /* Client.swift */ = {isa = PBXFileReference; lastKnownFileType = sourcecode.swift; path = Client.swift; sourceTree = "<group>"; };
		C9B8F98A26EBD6E9008BC754 /* Model.xcdatamodel */ = {isa = PBXFileReference; lastKnownFileType = wrapper.xcdatamodel; path = Model.xcdatamodel; sourceTree = "<group>"; };
		C9B8F98C26EBE491008BC754 /* OnTheCallDatabase.swift */ = {isa = PBXFileReference; lastKnownFileType = sourcecode.swift; path = OnTheCallDatabase.swift; sourceTree = "<group>"; };
/* End PBXFileReference section */

/* Begin PBXFrameworksBuildPhase section */
		C93083F826CEDEA7002F26AF /* Frameworks */ = {
			isa = PBXFrameworksBuildPhase;
			buildActionMask = 2147483647;
			files = (
			);
			runOnlyForDeploymentPostprocessing = 0;
		};
/* End PBXFrameworksBuildPhase section */

/* Begin PBXGroup section */
		C93083F226CEDEA7002F26AF = {
			isa = PBXGroup;
			children = (
				C93083FD26CEDEA7002F26AF /* Virtual Tourist */,
				C93083FC26CEDEA7002F26AF /* Products */,
			);
			sourceTree = "<group>";
		};
		C93083FC26CEDEA7002F26AF /* Products */ = {
			isa = PBXGroup;
			children = (
				C93083FB26CEDEA7002F26AF /* Virtual Tourist.app */,
			);
			name = Products;
			sourceTree = "<group>";
		};
		C93083FD26CEDEA7002F26AF /* Virtual Tourist */ = {
			isa = PBXGroup;
			children = (
				C9B8F98926EBD6E9008BC754 /* Model.xcdatamodeld */,
				C9B8F97626E7E473008BC754 /* Model */,
				C930841B26D41D49002F26AF /* View */,
				C930841C26D41D8F002F26AF /* Controller */,
				C930840F26CEDEA9002F26AF /* Info.plist */,
				C9B3347526F4157B00578446 /* Notification.swift */,
			);
			path = "Virtual Tourist";
			sourceTree = "<group>";
		};
		C930841B26D41D49002F26AF /* View */ = {
			isa = PBXGroup;
			children = (
				C930840A26CEDEA9002F26AF /* Assets.xcassets */,
				C930840C26CEDEA9002F26AF /* LaunchScreen.storyboard */,
				C930840426CEDEA7002F26AF /* Main.storyboard */,
			);
			path = View;
			sourceTree = "<group>";
		};
		C930841C26D41D8F002F26AF /* Controller */ = {
			isa = PBXGroup;
			children = (
				C930841526CEDF29002F26AF /* TravelLocationsMapViewController.swift */,
				C930841726CEE2F2002F26AF /* PhotoAlbumViewController.swift */,
				C9B8F97426E7E466008BC754 /* CollectionViewCell.swift */,
				C93083FE26CEDEA7002F26AF /* AppDelegate.swift */,
			);
			path = Controller;
			sourceTree = "<group>";
		};
		C9B8F97626E7E473008BC754 /* Model */ = {
			isa = PBXGroup;
			children = (
				C930840026CEDEA7002F26AF /* SceneDelegate.swift */,
				C9B8F98526E9710A008BC754 /* VTStructs.swift */,
				C9B8F98726E9713F008BC754 /* Client.swift */,
				C9B8F98C26EBE491008BC754 /* OnTheCallDatabase.swift */,
			);
			path = Model;
			sourceTree = "<group>";
		};
/* End PBXGroup section */

/* Begin PBXNativeTarget section */
		C93083FA26CEDEA7002F26AF /* Virtual Tourist */ = {
			isa = PBXNativeTarget;
			buildConfigurationList = C930841226CEDEA9002F26AF /* Build configuration list for PBXNativeTarget "Virtual Tourist" */;
			buildPhases = (
				C93083F726CEDEA7002F26AF /* Sources */,
				C93083F826CEDEA7002F26AF /* Frameworks */,
				C93083F926CEDEA7002F26AF /* Resources */,
			);
			buildRules = (
			);
			dependencies = (
			);
			name = "Virtual Tourist";
			productName = "Virtual Tourist";
			productReference = C93083FB26CEDEA7002F26AF /* Virtual Tourist.app */;
			productType = "com.apple.product-type.application";
		};
/* End PBXNativeTarget section */

/* Begin PBXProject section */
		C93083F326CEDEA7002F26AF /* Project object */ = {
			isa = PBXProject;
			attributes = {
				LastSwiftUpdateCheck = 1250;
				LastUpgradeCheck = 1250;
				TargetAttributes = {
					C93083FA26CEDEA7002F26AF = {
						CreatedOnToolsVersion = 12.5.1;
					};
				};
			};
			buildConfigurationList = C93083F626CEDEA7002F26AF /* Build configuration list for PBXProject "Virtual Tourist" */;
			compatibilityVersion = "Xcode 9.3";
			developmentRegion = en;
			hasScannedForEncodings = 0;
			knownRegions = (
				en,
				Base,
			);
			mainGroup = C93083F226CEDEA7002F26AF;
			productRefGroup = C93083FC26CEDEA7002F26AF /* Products */;
			projectDirPath = "";
			projectRoot = "";
			targets = (
				C93083FA26CEDEA7002F26AF /* Virtual Tourist */,
			);
		};
/* End PBXProject section */

/* Begin PBXResourcesBuildPhase section */
		C93083F926CEDEA7002F26AF /* Resources */ = {
			isa = PBXResourcesBuildPhase;
			buildActionMask = 2147483647;
			files = (
				C930840E26CEDEA9002F26AF /* LaunchScreen.storyboard in Resources */,
				C930840B26CEDEA9002F26AF /* Assets.xcassets in Resources */,
				C930840626CEDEA7002F26AF /* Main.storyboard in Resources */,
			);
			runOnlyForDeploymentPostprocessing = 0;
		};
/* End PBXResourcesBuildPhase section */

/* Begin PBXSourcesBuildPhase section */
		C93083F726CEDEA7002F26AF /* Sources */ = {
			isa = PBXSourcesBuildPhase;
			buildActionMask = 2147483647;
			files = (
				C930841626CEDF29002F26AF /* TravelLocationsMapViewController.swift in Sources */,
				C9B8F97526E7E466008BC754 /* CollectionViewCell.swift in Sources */,
				C9B8F98826E9713F008BC754 /* Client.swift in Sources */,
				C93083FF26CEDEA7002F26AF /* AppDelegate.swift in Sources */,
				C9B8F98D26EBE491008BC754 /* OnTheCallDatabase.swift in Sources */,
				C9B8F98B26EBD6E9008BC754 /* Model.xcdatamodeld in Sources */,
				C9B3347626F4157B00578446 /* Notification.swift in Sources */,
				C930840126CEDEA7002F26AF /* SceneDelegate.swift in Sources */,
				C930841826CEE2F2002F26AF /* PhotoAlbumViewController.swift in Sources */,
				C9B8F98626E9710A008BC754 /* VTStructs.swift in Sources */,
			);
			runOnlyForDeploymentPostprocessing = 0;
		};
/* End PBXSourcesBuildPhase section */

/* Begin PBXVariantGroup section */
		C930840426CEDEA7002F26AF /* Main.storyboard */ = {
			isa = PBXVariantGroup;
			children = (
				C930840526CEDEA7002F26AF /* Base */,
			);
			name = Main.storyboard;
			sourceTree = "<group>";
		};
		C930840C26CEDEA9002F26AF /* LaunchScreen.storyboard */ = {
			isa = PBXVariantGroup;
			children = (
				C930840D26CEDEA9002F26AF /* Base */,
			);
			name = LaunchScreen.storyboard;
			sourceTree = "<group>";
		};
/* End PBXVariantGroup section */

/* Begin XCBuildConfiguration section */
		C930841026CEDEA9002F26AF /* Debug */ = {
			isa = XCBuildConfiguration;
			buildSettings = {
				ALWAYS_SEARCH_USER_PATHS = NO;
				CLANG_ANALYZER_NONNULL = YES;
				CLANG_ANALYZER_NUMBER_OBJECT_CONVERSION = YES_AGGRESSIVE;
				CLANG_CXX_LANGUAGE_STANDARD = "gnu++14";
				CLANG_CXX_LIBRARY = "libc++";
				CLANG_ENABLE_MODULES = YES;
				CLANG_ENABLE_OBJC_ARC = YES;
				CLANG_ENABLE_OBJC_WEAK = YES;
				CLANG_WARN_BLOCK_CAPTURE_AUTORELEASING = YES;
				CLANG_WARN_BOOL_CONVERSION = YES;
				CLANG_WARN_COMMA = YES;
				CLANG_WARN_CONSTANT_CONVERSION = YES;
				CLANG_WARN_DEPRECATED_OBJC_IMPLEMENTATIONS = YES;
				CLANG_WARN_DIRECT_OBJC_ISA_USAGE = YES_ERROR;
				CLANG_WARN_DOCUMENTATION_COMMENTS = YES;
				CLANG_WARN_EMPTY_BODY = YES;
				CLANG_WARN_ENUM_CONVERSION = YES;
				CLANG_WARN_INFINITE_RECURSION = YES;
				CLANG_WARN_INT_CONVERSION = YES;
				CLANG_WARN_NON_LITERAL_NULL_CONVERSION = YES;
				CLANG_WARN_OBJC_IMPLICIT_RETAIN_SELF = YES;
				CLANG_WARN_OBJC_LITERAL_CONVERSION = YES;
				CLANG_WARN_OBJC_ROOT_CLASS = YES_ERROR;
				CLANG_WARN_QUOTED_INCLUDE_IN_FRAMEWORK_HEADER = YES;
				CLANG_WARN_RANGE_LOOP_ANALYSIS = YES;
				CLANG_WARN_STRICT_PROTOTYPES = YES;
				CLANG_WARN_SUSPICIOUS_MOVE = YES;
				CLANG_WARN_UNGUARDED_AVAILABILITY = YES_AGGRESSIVE;
				CLANG_WARN_UNREACHABLE_CODE = YES;
				CLANG_WARN__DUPLICATE_METHOD_MATCH = YES;
				COPY_PHASE_STRIP = NO;
				DEBUG_INFORMATION_FORMAT = dwarf;
				ENABLE_STRICT_OBJC_MSGSEND = YES;
				ENABLE_TESTABILITY = YES;
				GCC_C_LANGUAGE_STANDARD = gnu11;
				GCC_DYNAMIC_NO_PIC = NO;
				GCC_NO_COMMON_BLOCKS = YES;
				GCC_OPTIMIZATION_LEVEL = 0;
				GCC_PREPROCESSOR_DEFINITIONS = (
					"DEBUG=1",
					"$(inherited)",
				);
				GCC_WARN_64_TO_32_BIT_CONVERSION = YES;
				GCC_WARN_ABOUT_RETURN_TYPE = YES_ERROR;
				GCC_WARN_UNDECLARED_SELECTOR = YES;
				GCC_WARN_UNINITIALIZED_AUTOS = YES_AGGRESSIVE;
				GCC_WARN_UNUSED_FUNCTION = YES;
				GCC_WARN_UNUSED_VARIABLE = YES;
				IPHONEOS_DEPLOYMENT_TARGET = 14.5;
				MTL_ENABLE_DEBUG_INFO = INCLUDE_SOURCE;
				MTL_FAST_MATH = YES;
				ONLY_ACTIVE_ARCH = YES;
				SDKROOT = iphoneos;
				SWIFT_ACTIVE_COMPILATION_CONDITIONS = DEBUG;
				SWIFT_OPTIMIZATION_LEVEL = "-Onone";
			};
			name = Debug;
		};
		C930841126CEDEA9002F26AF /* Release */ = {
			isa = XCBuildConfiguration;
			buildSettings = {
				ALWAYS_SEARCH_USER_PATHS = NO;
				CLANG_ANALYZER_NONNULL = YES;
				CLANG_ANALYZER_NUMBER_OBJECT_CONVERSION = YES_AGGRESSIVE;
				CLANG_CXX_LANGUAGE_STANDARD = "gnu++14";
				CLANG_CXX_LIBRARY = "libc++";
				CLANG_ENABLE_MODULES = YES;
				CLANG_ENABLE_OBJC_ARC = YES;
				CLANG_ENABLE_OBJC_WEAK = YES;
				CLANG_WARN_BLOCK_CAPTURE_AUTORELEASING = YES;
				CLANG_WARN_BOOL_CONVERSION = YES;
				CLANG_WARN_COMMA = YES;
				CLANG_WARN_CONSTANT_CONVERSION = YES;
				CLANG_WARN_DEPRECATED_OBJC_IMPLEMENTATIONS = YES;
				CLANG_WARN_DIRECT_OBJC_ISA_USAGE = YES_ERROR;
				CLANG_WARN_DOCUMENTATION_COMMENTS = YES;
				CLANG_WARN_EMPTY_BODY = YES;
				CLANG_WARN_ENUM_CONVERSION = YES;
				CLANG_WARN_INFINITE_RECURSION = YES;
				CLANG_WARN_INT_CONVERSION = YES;
				CLANG_WARN_NON_LITERAL_NULL_CONVERSION = YES;
				CLANG_WARN_OBJC_IMPLICIT_RETAIN_SELF = YES;
				CLANG_WARN_OBJC_LITERAL_CONVERSION = YES;
				CLANG_WARN_OBJC_ROOT_CLASS = YES_ERROR;
				CLANG_WARN_QUOTED_INCLUDE_IN_FRAMEWORK_HEADER = YES;
				CLANG_WARN_RANGE_LOOP_ANALYSIS = YES;
				CLANG_WARN_STRICT_PROTOTYPES = YES;
				CLANG_WARN_SUSPICIOUS_MOVE = YES;
				CLANG_WARN_UNGUARDED_AVAILABILITY = YES_AGGRESSIVE;
				CLANG_WARN_UNREACHABLE_CODE = YES;
				CLANG_WARN__DUPLICATE_METHOD_MATCH = YES;
				COPY_PHASE_STRIP = NO;
				DEBUG_INFORMATION_FORMAT = "dwarf-with-dsym";
				ENABLE_NS_ASSERTIONS = NO;
				ENABLE_STRICT_OBJC_MSGSEND = YES;
				GCC_C_LANGUAGE_STANDARD = gnu11;
				GCC_NO_COMMON_BLOCKS = YES;
				GCC_WARN_64_TO_32_BIT_CONVERSION = YES;
				GCC_WARN_ABOUT_RETURN_TYPE = YES_ERROR;
				GCC_WARN_UNDECLARED_SELECTOR = YES;
				GCC_WARN_UNINITIALIZED_AUTOS = YES_AGGRESSIVE;
				GCC_WARN_UNUSED_FUNCTION = YES;
				GCC_WARN_UNUSED_VARIABLE = YES;
				IPHONEOS_DEPLOYMENT_TARGET = 14.5;
				MTL_ENABLE_DEBUG_INFO = NO;
				MTL_FAST_MATH = YES;
				SDKROOT = iphoneos;
				SWIFT_COMPILATION_MODE = wholemodule;
				SWIFT_OPTIMIZATION_LEVEL = "-O";
				VALIDATE_PRODUCT = YES;
			};
			name = Release;
		};
		C930841326CEDEA9002F26AF /* Debug */ = {
			isa = XCBuildConfiguration;
			buildSettings = {
				ASSETCATALOG_COMPILER_APPICON_NAME = AppIcon;
				ASSETCATALOG_COMPILER_GLOBAL_ACCENT_COLOR_NAME = AccentColor;
				CODE_SIGN_STYLE = Automatic;
				INFOPLIST_FILE = "Virtual Tourist/Info.plist";
				LD_RUNPATH_SEARCH_PATHS = (
					"$(inherited)",
					"@executable_path/Frameworks",
				);
				PRODUCT_BUNDLE_IDENTIFIER = "Udacity.Virtual-Tourist";
				PRODUCT_NAME = "$(TARGET_NAME)";
				SWIFT_VERSION = 5.0;
				TARGETED_DEVICE_FAMILY = "1,2";
			};
			name = Debug;
		};
		C930841426CEDEA9002F26AF /* Release */ = {
			isa = XCBuildConfiguration;
			buildSettings = {
				ASSETCATALOG_COMPILER_APPICON_NAME = AppIcon;
				ASSETCATALOG_COMPILER_GLOBAL_ACCENT_COLOR_NAME = AccentColor;
				CODE_SIGN_STYLE = Automatic;
				INFOPLIST_FILE = "Virtual Tourist/Info.plist";
				LD_RUNPATH_SEARCH_PATHS = (
					"$(inherited)",
					"@executable_path/Frameworks",
				);
				PRODUCT_BUNDLE_IDENTIFIER = "Udacity.Virtual-Tourist";
				PRODUCT_NAME = "$(TARGET_NAME)";
				SWIFT_VERSION = 5.0;
				TARGETED_DEVICE_FAMILY = "1,2";
			};
			name = Release;
		};
/* End XCBuildConfiguration section */

/* Begin XCConfigurationList section */
		C93083F626CEDEA7002F26AF /* Build configuration list for PBXProject "Virtual Tourist" */ = {
			isa = XCConfigurationList;
			buildConfigurations = (
				C930841026CEDEA9002F26AF /* Debug */,
				C930841126CEDEA9002F26AF /* Release */,
			);
			defaultConfigurationIsVisible = 0;
			defaultConfigurationName = Release;
		};
		C930841226CEDEA9002F26AF /* Build configuration list for PBXNativeTarget "Virtual Tourist" */ = {
			isa = XCConfigurationList;
			buildConfigurations = (
				C930841326CEDEA9002F26AF /* Debug */,
				C930841426CEDEA9002F26AF /* Release */,
			);
			defaultConfigurationIsVisible = 0;
			defaultConfigurationName = Release;
		};
/* End XCConfigurationList section */

/* Begin XCVersionGroup section */
		C9B8F98926EBD6E9008BC754 /* Model.xcdatamodeld */ = {
			isa = XCVersionGroup;
			children = (
				C9B8F98A26EBD6E9008BC754 /* Model.xcdatamodel */,
			);
			currentVersion = C9B8F98A26EBD6E9008BC754 /* Model.xcdatamodel */;
			path = Model.xcdatamodeld;
			sourceTree = "<group>";
			versionGroupType = wrapper.xcdatamodel;
		};
/* End XCVersionGroup section */
	};
	rootObject = C93083F326CEDEA7002F26AF /* Project object */;
}
